
Microsoft Visual Studio Solution File, Format Version 12.00
# Visual Studio Version 16
VisualStudioVersion = 16.0.30523.141
MinimumVisualStudioVersion = 10.0.40219.1
Project("{FAE04EC0-301F-11D3-BF4B-00C04F79EFBC}") = "Paul_Donea_lab2", "Paul_Donea_lab2.csproj", "{120A31AF-8C1B-40F7-9A9B-FB873E75F3C2}"
EndProject
Global
	GlobalSection(SolutionConfigurationPlatforms) = preSolution
		Debug|Any CPU = Debug|Any CPU
		Release|Any CPU = Release|Any CPU
	EndGlobalSection
	GlobalSection(ProjectConfigurationPlatforms) = postSolution
		{120A31AF-8C1B-40F7-9A9B-FB873E75F3C2}.Debug|Any CPU.ActiveCfg = Debug|Any CPU
		{120A31AF-8C1B-40F7-9A9B-FB873E75F3C2}.Debug|Any CPU.Build.0 = Debug|Any CPU
		{120A31AF-8C1B-40F7-9A9B-FB873E75F3C2}.Release|Any CPU.ActiveCfg = Release|Any CPU
		{120A31AF-8C1B-40F7-9A9B-FB873E75F3C2}.Release|Any CPU.Build.0 = Release|Any CPU
	EndGlobalSection
	GlobalSection(SolutionProperties) = preSolution
		HideSolutionNode = FALSE
	EndGlobalSection
	GlobalSection(ExtensibilityGlobals) = postSolution
		SolutionGuid = {62D9EF4D-B0BE-4B44-8FB4-40F576470BC4}
	EndGlobalSection
EndGlobal
